
Microsoft Visual Studio Solution File, Format Version 12.00
# Visual Studio Version 17
VisualStudioVersion = 17.11.35208.52
MinimumVisualStudioVersion = 10.0.40219.1
Project("{2150E333-8FDC-42A3-9474-1A3956D46DE8}") = "Project", "Project", "{AE248BD2-5EA3-4F1B-9BB3-16A6093E7A55}"
EndProject
Project("{8BC9CEB8-8B4A-11D0-8D11-00A0C91BC942}") = "WLEngine", "WLEngine\WLEngine.vcxproj", "{BDA71C1F-8918-4ED7-979F-FBD878021E54}"
	ProjectSection(ProjectDependencies) = postProject
		{6961DE8B-2BA6-4089-9177-62B64844DD0C} = {6961DE8B-2BA6-4089-9177-62B64844DD0C}
		{DC3E85E7-A745-4987-B0B8-60665906B4A2} = {DC3E85E7-A745-4987-B0B8-60665906B4A2}
	EndProjectSection
EndProject
Project("{8BC9CEB8-8B4A-11D0-8D11-00A0C91BC942}") = "GameApp", "GameApp\GameApp.vcxproj", "{7076BE72-77D9-4F0F-B46D-5385E39EA2B8}"
	ProjectSection(ProjectDependencies) = postProject
		{6961DE8B-2BA6-4089-9177-62B64844DD0C} = {6961DE8B-2BA6-4089-9177-62B64844DD0C}
		{BDA71C1F-8918-4ED7-979F-FBD878021E54} = {BDA71C1F-8918-4ED7-979F-FBD878021E54}
		{DC3E85E7-A745-4987-B0B8-60665906B4A2} = {DC3E85E7-A745-4987-B0B8-60665906B4A2}
	EndProjectSection
EndProject
Project("{2150E333-8FDC-42A3-9474-1A3956D46DE8}") = "ThirdLibrary", "ThirdLibrary", "{FA584144-16B6-4684-9AB6-DD227EF05163}"
EndProject
Project("{8BC9CEB8-8B4A-11D0-8D11-00A0C91BC942}") = "Lua", "Lua\Lua.vcxproj", "{DC3E85E7-A745-4987-B0B8-60665906B4A2}"
EndProject
Project("{8BC9CEB8-8B4A-11D0-8D11-00A0C91BC942}") = "TinyXML", "TinyXML\TinyXML.vcxproj", "{6961DE8B-2BA6-4089-9177-62B64844DD0C}"
EndProject
Project("{2150E333-8FDC-42A3-9474-1A3956D46DE8}") = "Tool", "Tool", "{CB7AAAAE-6D19-4039-84EC-13E945032323}"
EndProject
Project("{8BC9CEB8-8B4A-11D0-8D11-00A0C91BC942}") = "FontSDF", "FontSDF\FontSDF.vcxproj", "{1BB8BB5B-390D-4355-85B9-76EFDC4ABCC4}"
EndProject
Global
	GlobalSection(SolutionConfigurationPlatforms) = preSolution
		Debug|x64 = Debug|x64
		Debug|x86 = Debug|x86
		Release|x64 = Release|x64
		Release|x86 = Release|x86
	EndGlobalSection
	GlobalSection(ProjectConfigurationPlatforms) = postSolution
		{BDA71C1F-8918-4ED7-979F-FBD878021E54}.Debug|x64.ActiveCfg = Debug|x64
		{BDA71C1F-8918-4ED7-979F-FBD878021E54}.Debug|x64.Build.0 = Debug|x64
		{BDA71C1F-8918-4ED7-979F-FBD878021E54}.Debug|x86.ActiveCfg = Debug|Win32
		{BDA71C1F-8918-4ED7-979F-FBD878021E54}.Debug|x86.Build.0 = Debug|Win32
		{BDA71C1F-8918-4ED7-979F-FBD878021E54}.Release|x64.ActiveCfg = Release|x64
		{BDA71C1F-8918-4ED7-979F-FBD878021E54}.Release|x64.Build.0 = Release|x64
		{BDA71C1F-8918-4ED7-979F-FBD878021E54}.Release|x86.ActiveCfg = Release|Win32
		{BDA71C1F-8918-4ED7-979F-FBD878021E54}.Release|x86.Build.0 = Release|Win32
		{7076BE72-77D9-4F0F-B46D-5385E39EA2B8}.Debug|x64.ActiveCfg = Debug|x64
		{7076BE72-77D9-4F0F-B46D-5385E39EA2B8}.Debug|x64.Build.0 = Debug|x64
		{7076BE72-77D9-4F0F-B46D-5385E39EA2B8}.Debug|x86.ActiveCfg = Debug|Win32
		{7076BE72-77D9-4F0F-B46D-5385E39EA2B8}.Debug|x86.Build.0 = Debug|Win32
		{7076BE72-77D9-4F0F-B46D-5385E39EA2B8}.Release|x64.ActiveCfg = Release|x64
		{7076BE72-77D9-4F0F-B46D-5385E39EA2B8}.Release|x64.Build.0 = Release|x64
		{7076BE72-77D9-4F0F-B46D-5385E39EA2B8}.Release|x86.ActiveCfg = Release|Win32
		{7076BE72-77D9-4F0F-B46D-5385E39EA2B8}.Release|x86.Build.0 = Release|Win32
		{DC3E85E7-A745-4987-B0B8-60665906B4A2}.Debug|x64.ActiveCfg = Debug|x64
		{DC3E85E7-A745-4987-B0B8-60665906B4A2}.Debug|x64.Build.0 = Debug|x64
		{DC3E85E7-A745-4987-B0B8-60665906B4A2}.Debug|x86.ActiveCfg = Debug|Win32
		{DC3E85E7-A745-4987-B0B8-60665906B4A2}.Debug|x86.Build.0 = Debug|Win32
		{DC3E85E7-A745-4987-B0B8-60665906B4A2}.Release|x64.ActiveCfg = Release|x64
		{DC3E85E7-A745-4987-B0B8-60665906B4A2}.Release|x64.Build.0 = Release|x64
		{DC3E85E7-A745-4987-B0B8-60665906B4A2}.Release|x86.ActiveCfg = Release|Win32
		{DC3E85E7-A745-4987-B0B8-60665906B4A2}.Release|x86.Build.0 = Release|Win32
		{6961DE8B-2BA6-4089-9177-62B64844DD0C}.Debug|x64.ActiveCfg = Debug|x64
		{6961DE8B-2BA6-4089-9177-62B64844DD0C}.Debug|x64.Build.0 = Debug|x64
		{6961DE8B-2BA6-4089-9177-62B64844DD0C}.Debug|x86.ActiveCfg = Debug|Win32
		{6961DE8B-2BA6-4089-9177-62B64844DD0C}.Debug|x86.Build.0 = Debug|Win32
		{6961DE8B-2BA6-4089-9177-62B64844DD0C}.Release|x64.ActiveCfg = Release|x64
		{6961DE8B-2BA6-4089-9177-62B64844DD0C}.Release|x64.Build.0 = Release|x64
		{6961DE8B-2BA6-4089-9177-62B64844DD0C}.Release|x86.ActiveCfg = Release|Win32
		{6961DE8B-2BA6-4089-9177-62B64844DD0C}.Release|x86.Build.0 = Release|Win32
		{1BB8BB5B-390D-4355-85B9-76EFDC4ABCC4}.Debug|x64.ActiveCfg = Debug|x64
		{1BB8BB5B-390D-4355-85B9-76EFDC4ABCC4}.Debug|x64.Build.0 = Debug|x64
		{1BB8BB5B-390D-4355-85B9-76EFDC4ABCC4}.Debug|x86.ActiveCfg = Debug|Win32
		{1BB8BB5B-390D-4355-85B9-76EFDC4ABCC4}.Debug|x86.Build.0 = Debug|Win32
		{1BB8BB5B-390D-4355-85B9-76EFDC4ABCC4}.Release|x64.ActiveCfg = Release|x64
		{1BB8BB5B-390D-4355-85B9-76EFDC4ABCC4}.Release|x64.Build.0 = Release|x64
		{1BB8BB5B-390D-4355-85B9-76EFDC4ABCC4}.Release|x86.ActiveCfg = Release|Win32
		{1BB8BB5B-390D-4355-85B9-76EFDC4ABCC4}.Release|x86.Build.0 = Release|Win32
	EndGlobalSection
	GlobalSection(SolutionProperties) = preSolution
		HideSolutionNode = FALSE
	EndGlobalSection
	GlobalSection(NestedProjects) = preSolution
		{BDA71C1F-8918-4ED7-979F-FBD878021E54} = {AE248BD2-5EA3-4F1B-9BB3-16A6093E7A55}
		{7076BE72-77D9-4F0F-B46D-5385E39EA2B8} = {AE248BD2-5EA3-4F1B-9BB3-16A6093E7A55}
		{DC3E85E7-A745-4987-B0B8-60665906B4A2} = {FA584144-16B6-4684-9AB6-DD227EF05163}
		{6961DE8B-2BA6-4089-9177-62B64844DD0C} = {FA584144-16B6-4684-9AB6-DD227EF05163}
		{1BB8BB5B-390D-4355-85B9-76EFDC4ABCC4} = {CB7AAAAE-6D19-4039-84EC-13E945032323}
	EndGlobalSection
	GlobalSection(ExtensibilityGlobals) = postSolution
		SolutionGuid = {CABA867B-ECED-48A5-A140-84370021C154}
	EndGlobalSection
EndGlobal
