<?xml version="1.0" encoding="utf-8"?>
<Project ToolsVersion="4.0" xmlns="http://schemas.microsoft.com/developer/msbuild/2003">
  <ItemGroup>
    <Filter Include="Platform">
      <UniqueIdentifier>{2b8cb50c-fe50-47d1-a6a1-08ffa50730c1}</UniqueIdentifier>
    </Filter>
    <Filter Include="Common">
      <UniqueIdentifier>{b822af3c-2195-48d3-acd5-e566a7407300}</UniqueIdentifier>
    </Filter>
    <Filter Include="Core">
      <UniqueIdentifier>{521de66f-6d2e-4f3d-8285-3885c113edb1}</UniqueIdentifier>
    </Filter>
    <Filter Include="Core\Math">
      <UniqueIdentifier>{8499b3c4-d816-4046-974f-dc70571e741e}</UniqueIdentifier>
    </Filter>
    <Filter Include="GameApp">
      <UniqueIdentifier>{a2dd3333-b16f-4e55-9118-c139be88cc3f}</UniqueIdentifier>
    </Filter>
    <Filter Include="ExtraLibrary">
      <UniqueIdentifier>{474a7ea3-1b7e-4c2d-baaf-1fdc933cb2da}</UniqueIdentifier>
    </Filter>
    <Filter Include="ExtraLibrary\Json">
      <UniqueIdentifier>{51dae339-0437-456e-b2bf-6fdac6e02624}</UniqueIdentifier>
    </Filter>
    <Filter Include="Core\TemplateLib">
      <UniqueIdentifier>{4bab7db3-3fb1-4251-9728-83296e0af214}</UniqueIdentifier>
    </Filter>
    <Filter Include="Core\Plugs">
      <UniqueIdentifier>{3e9b308e-f0e8-44ee-9291-566324ac7015}</UniqueIdentifier>
    </Filter>
    <Filter Include="Core\Plugs\Graphic">
      <UniqueIdentifier>{dccef9db-90aa-4cd4-ab5f-3f44fedcb91b}</UniqueIdentifier>
    </Filter>
    <Filter Include="Core\Devices">
      <UniqueIdentifier>{db563540-8f95-4b98-93db-7c8610c8f21f}</UniqueIdentifier>
    </Filter>
    <Filter Include="Core\Devices\Graphic">
      <UniqueIdentifier>{d22eff12-6872-422d-be13-b1f91371369e}</UniqueIdentifier>
    </Filter>
    <Filter Include="Core\Memory">
      <UniqueIdentifier>{1f1e6cb7-1e3d-4c20-8378-542274718edb}</UniqueIdentifier>
    </Filter>
  </ItemGroup>
  <ItemGroup>
    <ClCompile Include="MLEngine.cpp">
      <Filter>Platform</Filter>
    </ClCompile>
    <ClCompile Include="Win.cpp">
      <Filter>Platform</Filter>
    </ClCompile>
    <ClCompile Include="GameApp.cpp">
      <Filter>GameApp</Filter>
    </ClCompile>
    <ClCompile Include="Foundation.cpp">
      <Filter>Common</Filter>
    </ClCompile>
    <ClCompile Include="GraphicPlug.cpp">
      <Filter>Core\Plugs\Graphic</Filter>
    </ClCompile>
    <ClCompile Include="Plug.cpp">
      <Filter>Core\Plugs</Filter>
    </ClCompile>
    <ClCompile Include="DX12Device.cpp">
      <Filter>Core\Devices\Graphic</Filter>
    </ClCompile>
    <ClCompile Include="ContainerAllocationPolicies.cpp">
      <Filter>Core\Memory</Filter>
    </ClCompile>
    <ClCompile Include="MemoryBase.cpp">
      <Filter>Core\Memory</Filter>
    </ClCompile>
    <ClCompile Include="UnrealMemory.cpp">
      <Filter>Core\Memory</Filter>
    </ClCompile>
    <ClCompile Include="MallocAnsi.cpp">
      <Filter>Core\Memory</Filter>
    </ClCompile>
  </ItemGroup>
  <ItemGroup>
    <ClInclude Include="MLEngine.h">
      <Filter>Platform</Filter>
    </ClInclude>
    <ClInclude Include="Win.h">
      <Filter>Platform</Filter>
    </ClInclude>
    <ClInclude Include="Common.h">
      <Filter>Common</Filter>
    </ClInclude>
    <ClInclude Include="Message.h">
      <Filter>Common</Filter>
    </ClInclude>
    <ClInclude Include="Vector.h">
      <Filter>Core\Math</Filter>
    </ClInclude>
    <ClInclude Include="GameApp.h">
      <Filter>GameApp</Filter>
    </ClInclude>
    <ClInclude Include="DefineType.h">
      <Filter>Common</Filter>
    </ClInclude>
    <ClInclude Include="NumericLimits.h">
      <Filter>Common</Filter>
    </ClInclude>
    <ClInclude Include="Export.h">
      <Filter>Platform</Filter>
    </ClInclude>
    <ClInclude Include="json.hpp">
      <Filter>ExtraLibrary\Json</Filter>
    </ClInclude>
    <ClInclude Include="json_fwd.hpp">
      <Filter>ExtraLibrary\Json</Filter>
    </ClInclude>
    <ClInclude Include="jsonHeader.h">
      <Filter>ExtraLibrary\Json</Filter>
    </ClInclude>
    <ClInclude Include="Foundation.h">
      <Filter>Common</Filter>
    </ClInclude>
    <ClInclude Include="Array.h">
      <Filter>Core\TemplateLib</Filter>
    </ClInclude>
    <ClInclude Include="TSingle.h">
      <Filter>Common</Filter>
    </ClInclude>
    <ClInclude Include="GraphicPlug.h">
      <Filter>Core\Plugs\Graphic</Filter>
    </ClInclude>
    <ClInclude Include="Plug.h">
      <Filter>Core\Plugs</Filter>
    </ClInclude>
    <ClInclude Include="DX12Device.h">
      <Filter>Core\Devices\Graphic</Filter>
    </ClInclude>
    <ClInclude Include="Device.h">
      <Filter>Core\Devices</Filter>
    </ClInclude>
    <ClInclude Include="UnrealTemplate.h">
      <Filter>Core\TemplateLib</Filter>
    </ClInclude>
    <ClInclude Include="ContainerAllocationPolicies.h">
      <Filter>Core\Memory</Filter>
    </ClInclude>
    <ClInclude Include="MemoryBase.h">
      <Filter>Core\Memory</Filter>
    </ClInclude>
    <ClInclude Include="ContainersFwd.h">
      <Filter>Core\TemplateLib</Filter>
    </ClInclude>
    <ClInclude Include="UnrealMemory.h">
      <Filter>Core\Memory</Filter>
    </ClInclude>
    <ClInclude Include="MallocAnsi.h">
      <Filter>Core\Memory</Filter>
    </ClInclude>
  </ItemGroup>
</Project>